
Microsoft Visual Studio Solution File, Format Version 12.00
# Visual Studio 15
VisualStudioVersion = 15.0.28307.421
MinimumVisualStudioVersion = 10.0.40219.1
Project("{FAE04EC0-301F-11D3-BF4B-00C04F79EFBC}") = "AreaOfATriangleHW", "AreaOfATriangleHW\AreaOfATriangleHW.csproj", "{8E3847C5-FC4F-4D02-9EC5-AE680AFC73D1}"
EndProject
Global
	GlobalSection(SolutionConfigurationPlatforms) = preSolution
		Debug|Any CPU = Debug|Any CPU
		Release|Any CPU = Release|Any CPU
	EndGlobalSection
	GlobalSection(ProjectConfigurationPlatforms) = postSolution
		{8E3847C5-FC4F-4D02-9EC5-AE680AFC73D1}.Debug|Any CPU.ActiveCfg = Debug|Any CPU
		{8E3847C5-FC4F-4D02-9EC5-AE680AFC73D1}.Debug|Any CPU.Build.0 = Debug|Any CPU
		{8E3847C5-FC4F-4D02-9EC5-AE680AFC73D1}.Release|Any CPU.ActiveCfg = Release|Any CPU
		{8E3847C5-FC4F-4D02-9EC5-AE680AFC73D1}.Release|Any CPU.Build.0 = Release|Any CPU
	EndGlobalSection
	GlobalSection(SolutionProperties) = preSolution
		HideSolutionNode = FALSE
	EndGlobalSection
	GlobalSection(ExtensibilityGlobals) = postSolution
		SolutionGuid = {98642447-B42C-4AC6-B810-786D1A23D157}
	EndGlobalSection
EndGlobal
